
Microsoft Visual Studio Solution File, Format Version 12.00
# Visual Studio Version 16
VisualStudioVersion = 16.0.29905.134
MinimumVisualStudioVersion = 10.0.40219.1
Project("{FAE04EC0-301F-11D3-BF4B-00C04F79EFBC}") = "ccw3", "ccw3.csproj", "{F50363F4-63F0-4E69-8A76-17BB8CBC7F5C}"
EndProject
Global
	GlobalSection(SolutionConfigurationPlatforms) = preSolution
		Debug|Any CPU = Debug|Any CPU
		Release|Any CPU = Release|Any CPU
	EndGlobalSection
	GlobalSection(ProjectConfigurationPlatforms) = postSolution
		{F50363F4-63F0-4E69-8A76-17BB8CBC7F5C}.Debug|Any CPU.ActiveCfg = Debug|Any CPU
		{F50363F4-63F0-4E69-8A76-17BB8CBC7F5C}.Debug|Any CPU.Build.0 = Debug|Any CPU
		{F50363F4-63F0-4E69-8A76-17BB8CBC7F5C}.Release|Any CPU.ActiveCfg = Release|Any CPU
		{F50363F4-63F0-4E69-8A76-17BB8CBC7F5C}.Release|Any CPU.Build.0 = Release|Any CPU
	EndGlobalSection
	GlobalSection(SolutionProperties) = preSolution
		HideSolutionNode = FALSE
	EndGlobalSection
	GlobalSection(ExtensibilityGlobals) = postSolution
		SolutionGuid = {199947B3-51DB-4499-863D-E9561CFD5615}
	EndGlobalSection
EndGlobal
